
Microsoft Visual Studio Solution File, Format Version 12.00
# Visual Studio Version 17
VisualStudioVersion = 17.4.33205.214
MinimumVisualStudioVersion = 10.0.40219.1
Project("{FAE04EC0-301F-11D3-BF4B-00C04F79EFBC}") = "Unit_test_exercise_project", "Unit_test_exercise_project\Unit_test_exercise_project.csproj", "{F6E0DFCD-BC2D-4617-8D6B-F83A81026A71}"
EndProject
Project("{FAE04EC0-301F-11D3-BF4B-00C04F79EFBC}") = "Unit_test_exercise_project_tests", "Unit_exercise_preject_tests\Unit_test_exercise_project_tests.csproj", "{9C4C8E48-B2AC-4A39-8776-D5CA81B64BD8}"
EndProject
Global
	GlobalSection(SolutionConfigurationPlatforms) = preSolution
		Debug|Any CPU = Debug|Any CPU
		Release|Any CPU = Release|Any CPU
	EndGlobalSection
	GlobalSection(ProjectConfigurationPlatforms) = postSolution
		{F6E0DFCD-BC2D-4617-8D6B-F83A81026A71}.Debug|Any CPU.ActiveCfg = Debug|Any CPU
		{F6E0DFCD-BC2D-4617-8D6B-F83A81026A71}.Debug|Any CPU.Build.0 = Debug|Any CPU
		{F6E0DFCD-BC2D-4617-8D6B-F83A81026A71}.Release|Any CPU.ActiveCfg = Release|Any CPU
		{F6E0DFCD-BC2D-4617-8D6B-F83A81026A71}.Release|Any CPU.Build.0 = Release|Any CPU
		{9C4C8E48-B2AC-4A39-8776-D5CA81B64BD8}.Debug|Any CPU.ActiveCfg = Debug|Any CPU
		{9C4C8E48-B2AC-4A39-8776-D5CA81B64BD8}.Debug|Any CPU.Build.0 = Debug|Any CPU
		{9C4C8E48-B2AC-4A39-8776-D5CA81B64BD8}.Release|Any CPU.ActiveCfg = Release|Any CPU
		{9C4C8E48-B2AC-4A39-8776-D5CA81B64BD8}.Release|Any CPU.Build.0 = Release|Any CPU
	EndGlobalSection
	GlobalSection(SolutionProperties) = preSolution
		HideSolutionNode = FALSE
	EndGlobalSection
	GlobalSection(ExtensibilityGlobals) = postSolution
		SolutionGuid = {A1720D49-46B8-4D9B-B11C-3C361BA7FC3E}
	EndGlobalSection
EndGlobal
